
Microsoft Visual Studio Solution File, Format Version 12.00
# Visual Studio Version 17
VisualStudioVersion = 17.3.32922.545
MinimumVisualStudioVersion = 10.0.40219.1
Project("{FAE04EC0-301F-11D3-BF4B-00C04F79EFBC}") = "Portfolio.Web", "Portfolio.Web\Portfolio.Web.csproj", "{6BF34D52-800B-4770-B0CB-E339706591A6}"
EndProject
Project("{FAE04EC0-301F-11D3-BF4B-00C04F79EFBC}") = "Portfolio.Business", "Portfolio.Business\Portfolio.Business.csproj", "{C729AD7D-3996-4EF4-9481-CC35805F2A84}"
EndProject
Project("{FAE04EC0-301F-11D3-BF4B-00C04F79EFBC}") = "Portfolio.DataAccess", "Portfolio.DataAccess\Portfolio.DataAccess.csproj", "{6D815D4F-DCEC-4488-9A0B-D30C648E3EAA}"
EndProject
Project("{FAE04EC0-301F-11D3-BF4B-00C04F79EFBC}") = "Portfolio.Entity", "Portfolio.Entity\Portfolio.Entity.csproj", "{69BAA32E-909A-4BB1-BAA2-7BF4FA57ABE5}"
EndProject
Global
	GlobalSection(SolutionConfigurationPlatforms) = preSolution
		Debug|Any CPU = Debug|Any CPU
		Release|Any CPU = Release|Any CPU
	EndGlobalSection
	GlobalSection(ProjectConfigurationPlatforms) = postSolution
		{6BF34D52-800B-4770-B0CB-E339706591A6}.Debug|Any CPU.ActiveCfg = Debug|Any CPU
		{6BF34D52-800B-4770-B0CB-E339706591A6}.Debug|Any CPU.Build.0 = Debug|Any CPU
		{6BF34D52-800B-4770-B0CB-E339706591A6}.Release|Any CPU.ActiveCfg = Release|Any CPU
		{6BF34D52-800B-4770-B0CB-E339706591A6}.Release|Any CPU.Build.0 = Release|Any CPU
		{C729AD7D-3996-4EF4-9481-CC35805F2A84}.Debug|Any CPU.ActiveCfg = Debug|Any CPU
		{C729AD7D-3996-4EF4-9481-CC35805F2A84}.Debug|Any CPU.Build.0 = Debug|Any CPU
		{C729AD7D-3996-4EF4-9481-CC35805F2A84}.Release|Any CPU.ActiveCfg = Release|Any CPU
		{C729AD7D-3996-4EF4-9481-CC35805F2A84}.Release|Any CPU.Build.0 = Release|Any CPU
		{6D815D4F-DCEC-4488-9A0B-D30C648E3EAA}.Debug|Any CPU.ActiveCfg = Debug|Any CPU
		{6D815D4F-DCEC-4488-9A0B-D30C648E3EAA}.Debug|Any CPU.Build.0 = Debug|Any CPU
		{6D815D4F-DCEC-4488-9A0B-D30C648E3EAA}.Release|Any CPU.ActiveCfg = Release|Any CPU
		{6D815D4F-DCEC-4488-9A0B-D30C648E3EAA}.Release|Any CPU.Build.0 = Release|Any CPU
		{69BAA32E-909A-4BB1-BAA2-7BF4FA57ABE5}.Debug|Any CPU.ActiveCfg = Debug|Any CPU
		{69BAA32E-909A-4BB1-BAA2-7BF4FA57ABE5}.Debug|Any CPU.Build.0 = Debug|Any CPU
		{69BAA32E-909A-4BB1-BAA2-7BF4FA57ABE5}.Release|Any CPU.ActiveCfg = Release|Any CPU
		{69BAA32E-909A-4BB1-BAA2-7BF4FA57ABE5}.Release|Any CPU.Build.0 = Release|Any CPU
	EndGlobalSection
	GlobalSection(SolutionProperties) = preSolution
		HideSolutionNode = FALSE
	EndGlobalSection
	GlobalSection(ExtensibilityGlobals) = postSolution
		SolutionGuid = {FF419B12-92D3-4065-BC70-29E6F4FDFF5C}
	EndGlobalSection
EndGlobal
